
Microsoft Visual Studio Solution File, Format Version 12.00
# Visual Studio Version 17
VisualStudioVersion = 17.11.35219.272
MinimumVisualStudioVersion = 10.0.40219.1
Project("{FAE04EC0-301F-11D3-BF4B-00C04F79EFBC}") = "Bezier_Curves", "Bezier_Curves\Bezier_Curves.csproj", "{4FD5FD42-75E8-4184-A5E4-457F40FA677C}"
EndProject
Global
	GlobalSection(SolutionConfigurationPlatforms) = preSolution
		Debug|Any CPU = Debug|Any CPU
		Release|Any CPU = Release|Any CPU
	EndGlobalSection
	GlobalSection(ProjectConfigurationPlatforms) = postSolution
		{4FD5FD42-75E8-4184-A5E4-457F40FA677C}.Debug|Any CPU.ActiveCfg = Debug|Any CPU
		{4FD5FD42-75E8-4184-A5E4-457F40FA677C}.Debug|Any CPU.Build.0 = Debug|Any CPU
		{4FD5FD42-75E8-4184-A5E4-457F40FA677C}.Release|Any CPU.ActiveCfg = Release|Any CPU
		{4FD5FD42-75E8-4184-A5E4-457F40FA677C}.Release|Any CPU.Build.0 = Release|Any CPU
	EndGlobalSection
	GlobalSection(SolutionProperties) = preSolution
		HideSolutionNode = FALSE
	EndGlobalSection
	GlobalSection(ExtensibilityGlobals) = postSolution
		SolutionGuid = {EFDFB489-4DAE-43E7-95A0-78D3FF190928}
	EndGlobalSection
EndGlobal
